{
  "name": "phase-4-deploying-app-demo",
  "lockfileVersion": 2,
  "requires": true,
  "packages": {
    "": {
      "name": "phase-4-deploying-app-demo",
      "dependencies": {
        "@googlemaps/react-wrapper": "^1.1.35",
        "@react-google-maps/api": "^2.12.1",
        "bootstrap": "^5.1.3",
        "date-fns": "^2.28.0",
        "jquery": "^3.6.0",
        "moment": "^2.29.4",
        "momentjs": "^2.0.0",
        "popper.js": "^1.16.1",
        "react-dom": "^18.2.0",
        "react-router": "^6.3.0",
        "react-router-dom": "6"
      },
      "engines": {
        "node": "16.x"
      }
    },
    "node_modules/@babel/runtime": {
      "version": "7.18.6",
      "resolved": "https://registry.npmjs.org/@babel/runtime/-/runtime-7.18.6.tgz",
      "integrity": "sha512-t9wi7/AW6XtKahAe20Yw0/mMljKq0B1r2fPdvaAdV/KPDZewFXdaaa6K7lxmZBZ8FBNpCiAT6iHPmd6QO9bKfQ==",
      "dependencies": {
        "regenerator-runtime": "^0.13.4"
      },
      "engines": {
        "node": ">=6.9.0"
      }
    },
    "node_modules/@googlemaps/js-api-loader": {
      "version": "1.14.3",
      "resolved": "https://registry.npmjs.org/@googlemaps/js-api-loader/-/js-api-loader-1.14.3.tgz",
      "integrity": "sha512-6iIb+qpGgQpgIHmIFO44WhE1rDUxPVHuezNFL30wRJnkvhwFm94tD291UvNg9L05hLDSoL16jd0lbqqmdy4C5g==",
      "dependencies": {
        "fast-deep-equal": "^3.1.3"
      }
    },
    "node_modules/@googlemaps/markerclusterer": {
      "version": "2.0.8",
      "resolved": "https://registry.npmjs.org/@googlemaps/markerclusterer/-/markerclusterer-2.0.8.tgz",
      "integrity": "sha512-l/Z3nxTE55iaWDB8NL/HpFdYht2x0khPaJI9pD7KDbfHeZaZyG8yT6xi2cZ0Lb2VvgKFb3OtNKRMpAuS4xm2rg==",
      "dependencies": {
        "fast-deep-equal": "^3.1.3",
        "supercluster": "^7.1.3"
      }
    },
    "node_modules/@googlemaps/react-wrapper": {
      "version": "1.1.35",
      "resolved": "https://registry.npmjs.org/@googlemaps/react-wrapper/-/react-wrapper-1.1.35.tgz",
      "integrity": "sha512-vK+BDQMHN0Oqr66cW3ZPWVK43BUmJJBu6P8T74tc6/fKpUJUlFEaZsupgIIRRRDW9ejB8uGagUmwOnA2gdcvbw==",
      "dependencies": {
        "@googlemaps/js-api-loader": "^1.13.2"
      },
      "peerDependencies": {
        "react": ">=16.8.0"
      }
    },
    "node_modules/@popperjs/core": {
      "version": "2.11.5",
      "resolved": "https://registry.npmjs.org/@popperjs/core/-/core-2.11.5.tgz",
      "integrity": "sha512-9X2obfABZuDVLCgPK9aX0a/x4jaOEweTTWE2+9sr0Qqqevj2Uv5XorvusThmc9XGYpS9yI+fhh8RTafBtGposw==",
      "peer": true,
      "funding": {
        "type": "opencollective",
        "url": "https://opencollective.com/popperjs"
      }
    },
    "node_modules/@react-google-maps/api": {
      "version": "2.12.1",
      "resolved": "https://registry.npmjs.org/@react-google-maps/api/-/api-2.12.1.tgz",
      "integrity": "sha512-XvZWUkRa0JSvtkyV8UgDkuccPuhvjr/E6WQZK/662H2MAiZ6qFDPc0g7E87GJmEftr9Q5SKLsDzlaZ6jx65RVg==",
      "dependencies": {
        "@googlemaps/js-api-loader": "1.14.3",
        "@googlemaps/markerclusterer": "2.0.8",
        "@react-google-maps/infobox": "2.11.8",
        "@react-google-maps/marker-clusterer": "2.11.8",
        "@types/google.maps": "3.49.2",
        "invariant": "2.2.4"
      },
      "peerDependencies": {
        "react": "^16.8 || ^17 || ^18",
        "react-dom": "^16.8 || ^17 || ^18"
      }
    },
    "node_modules/@react-google-maps/infobox": {
      "version": "2.11.8",
      "resolved": "https://registry.npmjs.org/@react-google-maps/infobox/-/infobox-2.11.8.tgz",
      "integrity": "sha512-15y3dniys1Op5HREyLwiJI2pAdeeHRJT5b4WPrS+vyL5KF6iXK1P3y/9bXtnxHiKe2v6iPreaEhR3VgvfRA50Q=="
    },
    "node_modules/@react-google-maps/marker-clusterer": {
      "version": "2.11.8",
      "resolved": "https://registry.npmjs.org/@react-google-maps/marker-clusterer/-/marker-clusterer-2.11.8.tgz",
      "integrity": "sha512-OEcdbTXEgPwdpGvVuSrhIhjcZPhlzPz2TvaKCBLraf1PKiDyLOPhlTVRlbIziLiu0xN89pJcill1w9UVIVFF+Q=="
    },
    "node_modules/@types/google.maps": {
      "version": "3.49.2",
      "resolved": "https://registry.npmjs.org/@types/google.maps/-/google.maps-3.49.2.tgz",
      "integrity": "sha512-ZO1qWciukqED9qcUNW7OaPXWnTlT+tO3WcYkmudZyQW2BqD7TlMFRrdqSCoqfwKhERCwBA5A/YZt/g5A3BqgLQ=="
    },
    "node_modules/bootstrap": {
      "version": "5.1.3",
      "resolved": "https://registry.npmjs.org/bootstrap/-/bootstrap-5.1.3.tgz",
      "integrity": "sha512-fcQztozJ8jToQWXxVuEyXWW+dSo8AiXWKwiSSrKWsRB/Qt+Ewwza+JWoLKiTuQLaEPhdNAJ7+Dosc9DOIqNy7Q==",
      "funding": {
        "type": "opencollective",
        "url": "https://opencollective.com/bootstrap"
      },
      "peerDependencies": {
        "@popperjs/core": "^2.10.2"
      }
    },
    "node_modules/date-fns": {
      "version": "2.28.0",
      "resolved": "https://registry.npmjs.org/date-fns/-/date-fns-2.28.0.tgz",
      "integrity": "sha512-8d35hViGYx/QH0icHYCeLmsLmMUheMmTyV9Fcm6gvNwdw31yXXH+O85sOBJ+OLnLQMKZowvpKb6FgMIQjcpvQw==",
      "engines": {
        "node": ">=0.11"
      },
      "funding": {
        "type": "opencollective",
        "url": "https://opencollective.com/date-fns"
      }
    },
    "node_modules/fast-deep-equal": {
      "version": "3.1.3",
      "resolved": "https://registry.npmjs.org/fast-deep-equal/-/fast-deep-equal-3.1.3.tgz",
      "integrity": "sha512-f3qQ9oQy9j2AhBe/H9VC91wLmKBCCU/gDOnKNAYG5hswO7BLKj09Hc5HYNz9cGI++xlpDCIgDaitVs03ATR84Q=="
    },
    "node_modules/history": {
      "version": "5.3.0",
      "resolved": "https://registry.npmjs.org/history/-/history-5.3.0.tgz",
      "integrity": "sha512-ZqaKwjjrAYUYfLG+htGaIIZ4nioX2L70ZUMIFysS3xvBsSG4x/n1V6TXV3N8ZYNuFGlDirFg32T7B6WOUPDYcQ==",
      "dependencies": {
        "@babel/runtime": "^7.7.6"
      }
    },
    "node_modules/invariant": {
      "version": "2.2.4",
      "resolved": "https://registry.npmjs.org/invariant/-/invariant-2.2.4.tgz",
      "integrity": "sha512-phJfQVBuaJM5raOpJjSfkiD6BpbCE4Ns//LaXl6wGYtUBY83nWS6Rf9tXm2e8VaK60JEjYldbPif/A2B1C2gNA==",
      "dependencies": {
        "loose-envify": "^1.0.0"
      }
    },
    "node_modules/jquery": {
      "version": "3.6.0",
      "resolved": "https://registry.npmjs.org/jquery/-/jquery-3.6.0.tgz",
      "integrity": "sha512-JVzAR/AjBvVt2BmYhxRCSYysDsPcssdmTFnzyLEts9qNwmjmu4JTAMYubEfwVOSwpQ1I1sKKFcxhZCI2buerfw=="
    },
    "node_modules/js-tokens": {
      "version": "4.0.0",
      "resolved": "https://registry.npmjs.org/js-tokens/-/js-tokens-4.0.0.tgz",
      "integrity": "sha512-RdJUflcE3cUzKiMqQgsCu06FPu9UdIJO0beYbPhHN4k6apgJtifcoCtT9bcxOpYBtpD2kCM6Sbzg4CausW/PKQ=="
    },
    "node_modules/kdbush": {
      "version": "3.0.0",
      "resolved": "https://registry.npmjs.org/kdbush/-/kdbush-3.0.0.tgz",
      "integrity": "sha512-hRkd6/XW4HTsA9vjVpY9tuXJYLSlelnkTmVFu4M9/7MIYQtFcHpbugAU7UbOfjOiVSVYl2fqgBuJ32JUmRo5Ew=="
    },
    "node_modules/loose-envify": {
      "version": "1.4.0",
      "resolved": "https://registry.npmjs.org/loose-envify/-/loose-envify-1.4.0.tgz",
      "integrity": "sha512-lyuxPGr/Wfhrlem2CL/UcnUc1zcqKAImBDzukY7Y5F/yQiNdko6+fRLevlw1HgMySw7f611UIY408EtxRSoK3Q==",
      "dependencies": {
        "js-tokens": "^3.0.0 || ^4.0.0"
      },
      "bin": {
        "loose-envify": "cli.js"
      }
    },
    "node_modules/moment": {
      "version": "2.29.4",
      "resolved": "https://registry.npmjs.org/moment/-/moment-2.29.4.tgz",
      "integrity": "sha512-5LC9SOxjSc2HF6vO2CyuTDNivEdoz2IvyJJGj6X8DJ0eFyfszE0QiEd+iXmBvUP3WHxSjFH/vIsA0EN00cgr8w==",
      "engines": {
        "node": "*"
      }
    },
    "node_modules/momentjs": {
      "version": "2.0.0",
      "resolved": "https://registry.npmjs.org/momentjs/-/momentjs-2.0.0.tgz",
      "integrity": "sha512-GYMUxLyCwVhECkJR1/LMHEyb9gWYSPRnXi+elGN0m5bet7ngQOxU4QLWUI/eBzgN4N/T194n6yP7lQiE+Udw9A==",
      "deprecated": "WARNING: The correct package name for Moment.js is 'moment', not 'momentjs'."
    },
    "node_modules/popper.js": {
      "version": "1.16.1",
      "resolved": "https://registry.npmjs.org/popper.js/-/popper.js-1.16.1.tgz",
      "integrity": "sha512-Wb4p1J4zyFTbM+u6WuO4XstYx4Ky9Cewe4DWrel7B0w6VVICvPwdOpotjzcf6eD8TsckVnIMNONQyPIUFOUbCQ==",
      "deprecated": "You can find the new Popper v2 at @popperjs/core, this package is dedicated to the legacy v1",
      "funding": {
        "type": "opencollective",
        "url": "https://opencollective.com/popperjs"
      }
    },
    "node_modules/react": {
      "version": "18.2.0",
      "resolved": "https://registry.npmjs.org/react/-/react-18.2.0.tgz",
      "integrity": "sha512-/3IjMdb2L9QbBdWiW5e3P2/npwMBaU9mHCSCUzNln0ZCYbcfTsGbTJrU/kGemdH2IWmB2ioZ+zkxtmq6g09fGQ==",
      "peer": true,
      "dependencies": {
        "loose-envify": "^1.1.0"
      },
      "engines": {
        "node": ">=0.10.0"
      }
    },
    "node_modules/react-dom": {
      "version": "18.2.0",
      "resolved": "https://registry.npmjs.org/react-dom/-/react-dom-18.2.0.tgz",
      "integrity": "sha512-6IMTriUmvsjHUjNtEDudZfuDQUoWXVxKHhlEGSk81n4YFS+r/Kl99wXiwlVXtPBtJenozv2P+hxDsw9eA7Xo6g==",
      "dependencies": {
        "loose-envify": "^1.1.0",
        "scheduler": "^0.23.0"
      },
      "peerDependencies": {
        "react": "^18.2.0"
      }
    },
    "node_modules/react-router": {
      "version": "6.3.0",
      "resolved": "https://registry.npmjs.org/react-router/-/react-router-6.3.0.tgz",
      "integrity": "sha512-7Wh1DzVQ+tlFjkeo+ujvjSqSJmkt1+8JO+T5xklPlgrh70y7ogx75ODRW0ThWhY7S+6yEDks8TYrtQe/aoboBQ==",
      "dependencies": {
        "history": "^5.2.0"
      },
      "peerDependencies": {
        "react": ">=16.8"
      }
    },
    "node_modules/react-router-dom": {
      "version": "6.3.0",
      "resolved": "https://registry.npmjs.org/react-router-dom/-/react-router-dom-6.3.0.tgz",
      "integrity": "sha512-uaJj7LKytRxZNQV8+RbzJWnJ8K2nPsOOEuX7aQstlMZKQT0164C+X2w6bnkqU3sjtLvpd5ojrezAyfZ1+0sStw==",
      "dependencies": {
        "history": "^5.2.0",
        "react-router": "6.3.0"
      },
      "peerDependencies": {
        "react": ">=16.8",
        "react-dom": ">=16.8"
      }
    },
    "node_modules/regenerator-runtime": {
      "version": "0.13.9",
      "resolved": "https://registry.npmjs.org/regenerator-runtime/-/regenerator-runtime-0.13.9.tgz",
      "integrity": "sha512-p3VT+cOEgxFsRRA9X4lkI1E+k2/CtnKtU4gcxyaCUreilL/vqI6CdZ3wxVUx3UOUg+gnUOQQcRI7BmSI656MYA=="
    },
    "node_modules/scheduler": {
      "version": "0.23.0",
      "resolved": "https://registry.npmjs.org/scheduler/-/scheduler-0.23.0.tgz",
      "integrity": "sha512-CtuThmgHNg7zIZWAXi3AsyIzA3n4xx7aNyjwC2VJldO2LMVDhFK+63xGqq6CsJH4rTAt6/M+N4GhZiDYPx9eUw==",
      "dependencies": {
        "loose-envify": "^1.1.0"
      }
    },
    "node_modules/supercluster": {
      "version": "7.1.5",
      "resolved": "https://registry.npmjs.org/supercluster/-/supercluster-7.1.5.tgz",
      "integrity": "sha512-EulshI3pGUM66o6ZdH3ReiFcvHpM3vAigyK+vcxdjpJyEbIIrtbmBdY23mGgnI24uXiGFvrGq9Gkum/8U7vJWg==",
      "dependencies": {
        "kdbush": "^3.0.0"
      }
    }
  },
  "dependencies": {
    "@babel/runtime": {
      "version": "7.18.6",
      "resolved": "https://registry.npmjs.org/@babel/runtime/-/runtime-7.18.6.tgz",
      "integrity": "sha512-t9wi7/AW6XtKahAe20Yw0/mMljKq0B1r2fPdvaAdV/KPDZewFXdaaa6K7lxmZBZ8FBNpCiAT6iHPmd6QO9bKfQ==",
      "requires": {
        "regenerator-runtime": "^0.13.4"
      }
    },
    "@googlemaps/js-api-loader": {
      "version": "1.14.3",
      "resolved": "https://registry.npmjs.org/@googlemaps/js-api-loader/-/js-api-loader-1.14.3.tgz",
      "integrity": "sha512-6iIb+qpGgQpgIHmIFO44WhE1rDUxPVHuezNFL30wRJnkvhwFm94tD291UvNg9L05hLDSoL16jd0lbqqmdy4C5g==",
      "requires": {
        "fast-deep-equal": "^3.1.3"
      }
    },
    "@googlemaps/markerclusterer": {
      "version": "2.0.8",
      "resolved": "https://registry.npmjs.org/@googlemaps/markerclusterer/-/markerclusterer-2.0.8.tgz",
      "integrity": "sha512-l/Z3nxTE55iaWDB8NL/HpFdYht2x0khPaJI9pD7KDbfHeZaZyG8yT6xi2cZ0Lb2VvgKFb3OtNKRMpAuS4xm2rg==",
      "requires": {
        "fast-deep-equal": "^3.1.3",
        "supercluster": "^7.1.3"
      }
    },
    "@googlemaps/react-wrapper": {
      "version": "1.1.35",
      "resolved": "https://registry.npmjs.org/@googlemaps/react-wrapper/-/react-wrapper-1.1.35.tgz",
      "integrity": "sha512-vK+BDQMHN0Oqr66cW3ZPWVK43BUmJJBu6P8T74tc6/fKpUJUlFEaZsupgIIRRRDW9ejB8uGagUmwOnA2gdcvbw==",
      "requires": {
        "@googlemaps/js-api-loader": "^1.13.2"
      }
    },
    "@popperjs/core": {
      "version": "2.11.5",
      "resolved": "https://registry.npmjs.org/@popperjs/core/-/core-2.11.5.tgz",
      "integrity": "sha512-9X2obfABZuDVLCgPK9aX0a/x4jaOEweTTWE2+9sr0Qqqevj2Uv5XorvusThmc9XGYpS9yI+fhh8RTafBtGposw==",
      "peer": true
    },
    "@react-google-maps/api": {
      "version": "2.12.1",
      "resolved": "https://registry.npmjs.org/@react-google-maps/api/-/api-2.12.1.tgz",
      "integrity": "sha512-XvZWUkRa0JSvtkyV8UgDkuccPuhvjr/E6WQZK/662H2MAiZ6qFDPc0g7E87GJmEftr9Q5SKLsDzlaZ6jx65RVg==",
      "requires": {
        "@googlemaps/js-api-loader": "1.14.3",
        "@googlemaps/markerclusterer": "2.0.8",
        "@react-google-maps/infobox": "2.11.8",
        "@react-google-maps/marker-clusterer": "2.11.8",
        "@types/google.maps": "3.49.2",
        "invariant": "2.2.4"
      }
    },
    "@react-google-maps/infobox": {
      "version": "2.11.8",
      "resolved": "https://registry.npmjs.org/@react-google-maps/infobox/-/infobox-2.11.8.tgz",
      "integrity": "sha512-15y3dniys1Op5HREyLwiJI2pAdeeHRJT5b4WPrS+vyL5KF6iXK1P3y/9bXtnxHiKe2v6iPreaEhR3VgvfRA50Q=="
    },
    "@react-google-maps/marker-clusterer": {
      "version": "2.11.8",
      "resolved": "https://registry.npmjs.org/@react-google-maps/marker-clusterer/-/marker-clusterer-2.11.8.tgz",
      "integrity": "sha512-OEcdbTXEgPwdpGvVuSrhIhjcZPhlzPz2TvaKCBLraf1PKiDyLOPhlTVRlbIziLiu0xN89pJcill1w9UVIVFF+Q=="
    },
    "@types/google.maps": {
      "version": "3.49.2",
      "resolved": "https://registry.npmjs.org/@types/google.maps/-/google.maps-3.49.2.tgz",
      "integrity": "sha512-ZO1qWciukqED9qcUNW7OaPXWnTlT+tO3WcYkmudZyQW2BqD7TlMFRrdqSCoqfwKhERCwBA5A/YZt/g5A3BqgLQ=="
    },
    "bootstrap": {
      "version": "5.1.3",
      "resolved": "https://registry.npmjs.org/bootstrap/-/bootstrap-5.1.3.tgz",
      "integrity": "sha512-fcQztozJ8jToQWXxVuEyXWW+dSo8AiXWKwiSSrKWsRB/Qt+Ewwza+JWoLKiTuQLaEPhdNAJ7+Dosc9DOIqNy7Q==",
      "requires": {}
    },
    "date-fns": {
      "version": "2.28.0",
      "resolved": "https://registry.npmjs.org/date-fns/-/date-fns-2.28.0.tgz",
      "integrity": "sha512-8d35hViGYx/QH0icHYCeLmsLmMUheMmTyV9Fcm6gvNwdw31yXXH+O85sOBJ+OLnLQMKZowvpKb6FgMIQjcpvQw=="
    },
    "fast-deep-equal": {
      "version": "3.1.3",
      "resolved": "https://registry.npmjs.org/fast-deep-equal/-/fast-deep-equal-3.1.3.tgz",
      "integrity": "sha512-f3qQ9oQy9j2AhBe/H9VC91wLmKBCCU/gDOnKNAYG5hswO7BLKj09Hc5HYNz9cGI++xlpDCIgDaitVs03ATR84Q=="
    },
    "history": {
      "version": "5.3.0",
      "resolved": "https://registry.npmjs.org/history/-/history-5.3.0.tgz",
      "integrity": "sha512-ZqaKwjjrAYUYfLG+htGaIIZ4nioX2L70ZUMIFysS3xvBsSG4x/n1V6TXV3N8ZYNuFGlDirFg32T7B6WOUPDYcQ==",
      "requires": {
        "@babel/runtime": "^7.7.6"
      }
    },
    "invariant": {
      "version": "2.2.4",
      "resolved": "https://registry.npmjs.org/invariant/-/invariant-2.2.4.tgz",
      "integrity": "sha512-phJfQVBuaJM5raOpJjSfkiD6BpbCE4Ns//LaXl6wGYtUBY83nWS6Rf9tXm2e8VaK60JEjYldbPif/A2B1C2gNA==",
      "requires": {
        "loose-envify": "^1.0.0"
      }
    },
    "jquery": {
      "version": "3.6.0",
      "resolved": "https://registry.npmjs.org/jquery/-/jquery-3.6.0.tgz",
      "integrity": "sha512-JVzAR/AjBvVt2BmYhxRCSYysDsPcssdmTFnzyLEts9qNwmjmu4JTAMYubEfwVOSwpQ1I1sKKFcxhZCI2buerfw=="
    },
    "js-tokens": {
      "version": "4.0.0",
      "resolved": "https://registry.npmjs.org/js-tokens/-/js-tokens-4.0.0.tgz",
      "integrity": "sha512-RdJUflcE3cUzKiMqQgsCu06FPu9UdIJO0beYbPhHN4k6apgJtifcoCtT9bcxOpYBtpD2kCM6Sbzg4CausW/PKQ=="
    },
    "kdbush": {
      "version": "3.0.0",
      "resolved": "https://registry.npmjs.org/kdbush/-/kdbush-3.0.0.tgz",
      "integrity": "sha512-hRkd6/XW4HTsA9vjVpY9tuXJYLSlelnkTmVFu4M9/7MIYQtFcHpbugAU7UbOfjOiVSVYl2fqgBuJ32JUmRo5Ew=="
    },
    "loose-envify": {
      "version": "1.4.0",
      "resolved": "https://registry.npmjs.org/loose-envify/-/loose-envify-1.4.0.tgz",
      "integrity": "sha512-lyuxPGr/Wfhrlem2CL/UcnUc1zcqKAImBDzukY7Y5F/yQiNdko6+fRLevlw1HgMySw7f611UIY408EtxRSoK3Q==",
      "requires": {
        "js-tokens": "^3.0.0 || ^4.0.0"
      }
    },
    "moment": {
      "version": "2.29.4",
      "resolved": "https://registry.npmjs.org/moment/-/moment-2.29.4.tgz",
      "integrity": "sha512-5LC9SOxjSc2HF6vO2CyuTDNivEdoz2IvyJJGj6X8DJ0eFyfszE0QiEd+iXmBvUP3WHxSjFH/vIsA0EN00cgr8w=="
    },
    "momentjs": {
      "version": "2.0.0",
      "resolved": "https://registry.npmjs.org/momentjs/-/momentjs-2.0.0.tgz",
      "integrity": "sha512-GYMUxLyCwVhECkJR1/LMHEyb9gWYSPRnXi+elGN0m5bet7ngQOxU4QLWUI/eBzgN4N/T194n6yP7lQiE+Udw9A=="
    },
    "popper.js": {
      "version": "1.16.1",
      "resolved": "https://registry.npmjs.org/popper.js/-/popper.js-1.16.1.tgz",
      "integrity": "sha512-Wb4p1J4zyFTbM+u6WuO4XstYx4Ky9Cewe4DWrel7B0w6VVICvPwdOpotjzcf6eD8TsckVnIMNONQyPIUFOUbCQ=="
    },
    "react": {
      "version": "18.2.0",
      "resolved": "https://registry.npmjs.org/react/-/react-18.2.0.tgz",
      "integrity": "sha512-/3IjMdb2L9QbBdWiW5e3P2/npwMBaU9mHCSCUzNln0ZCYbcfTsGbTJrU/kGemdH2IWmB2ioZ+zkxtmq6g09fGQ==",
      "peer": true,
      "requires": {
        "loose-envify": "^1.1.0"
      }
    },
    "react-dom": {
      "version": "18.2.0",
      "resolved": "https://registry.npmjs.org/react-dom/-/react-dom-18.2.0.tgz",
      "integrity": "sha512-6IMTriUmvsjHUjNtEDudZfuDQUoWXVxKHhlEGSk81n4YFS+r/Kl99wXiwlVXtPBtJenozv2P+hxDsw9eA7Xo6g==",
      "requires": {
        "loose-envify": "^1.1.0",
        "scheduler": "^0.23.0"
      }
    },
    "react-router": {
      "version": "6.3.0",
      "resolved": "https://registry.npmjs.org/react-router/-/react-router-6.3.0.tgz",
      "integrity": "sha512-7Wh1DzVQ+tlFjkeo+ujvjSqSJmkt1+8JO+T5xklPlgrh70y7ogx75ODRW0ThWhY7S+6yEDks8TYrtQe/aoboBQ==",
      "requires": {
        "history": "^5.2.0"
      }
    },
    "react-router-dom": {
      "version": "6.3.0",
      "resolved": "https://registry.npmjs.org/react-router-dom/-/react-router-dom-6.3.0.tgz",
      "integrity": "sha512-uaJj7LKytRxZNQV8+RbzJWnJ8K2nPsOOEuX7aQstlMZKQT0164C+X2w6bnkqU3sjtLvpd5ojrezAyfZ1+0sStw==",
      "requires": {
        "history": "^5.2.0",
        "react-router": "6.3.0"
      }
    },
    "regenerator-runtime": {
      "version": "0.13.9",
      "resolved": "https://registry.npmjs.org/regenerator-runtime/-/regenerator-runtime-0.13.9.tgz",
      "integrity": "sha512-p3VT+cOEgxFsRRA9X4lkI1E+k2/CtnKtU4gcxyaCUreilL/vqI6CdZ3wxVUx3UOUg+gnUOQQcRI7BmSI656MYA=="
    },
    "scheduler": {
      "version": "0.23.0",
      "resolved": "https://registry.npmjs.org/scheduler/-/scheduler-0.23.0.tgz",
      "integrity": "sha512-CtuThmgHNg7zIZWAXi3AsyIzA3n4xx7aNyjwC2VJldO2LMVDhFK+63xGqq6CsJH4rTAt6/M+N4GhZiDYPx9eUw==",
      "requires": {
        "loose-envify": "^1.1.0"
      }
    },
    "supercluster": {
      "version": "7.1.5",
      "resolved": "https://registry.npmjs.org/supercluster/-/supercluster-7.1.5.tgz",
      "integrity": "sha512-EulshI3pGUM66o6ZdH3ReiFcvHpM3vAigyK+vcxdjpJyEbIIrtbmBdY23mGgnI24uXiGFvrGq9Gkum/8U7vJWg==",
      "requires": {
        "kdbush": "^3.0.0"
      }
    }
  }
}
